
Microsoft Visual Studio Solution File, Format Version 12.00
# Visual Studio Version 17
VisualStudioVersion = 17.0.31903.59
MinimumVisualStudioVersion = 10.0.40219.1
Project("{2150E333-8FDC-42A3-9474-1A3956D46DE8}") = "backend", "backend", "{5854FF58-B8C5-05C6-5BF2-ACE42193F22B}"
EndProject
Project("{2150E333-8FDC-42A3-9474-1A3956D46DE8}") = "owners", "owners", "{22D8967A-3DB2-E9B0-A8E1-993F011C7EDF}"
EndProject
Project("{FAE04EC0-301F-11D3-BF4B-00C04F79EFBC}") = "PetClinic.Owners.Api", "backend\owners\PetClinic.Owners.Api\PetClinic.Owners.Api.csproj", "{A1441D2E-2314-4633-99F9-DC4751643521}"
EndProject
Project("{FAE04EC0-301F-11D3-BF4B-00C04F79EFBC}") = "PetClinic.Owners.Application", "backend\owners\PetClinic.Owners.Application\PetClinic.Owners.Application.csproj", "{3FA95E6A-ED6E-4CD3-BC04-54AEA02A899D}"
EndProject
Project("{FAE04EC0-301F-11D3-BF4B-00C04F79EFBC}") = "PetClinic.Owners.Contracts", "backend\owners\PetClinic.Owners.Contracts\PetClinic.Owners.Contracts.csproj", "{469C2B34-597C-4DFD-BD0C-FFE2D7F1A9E5}"
EndProject
Project("{FAE04EC0-301F-11D3-BF4B-00C04F79EFBC}") = "PetClinic.Owners.Domain", "backend\owners\PetClinic.Owners.Domain\PetClinic.Owners.Domain.csproj", "{DCE75D66-C950-4B21-AC84-D5A1C4B2E3AC}"
EndProject
Project("{FAE04EC0-301F-11D3-BF4B-00C04F79EFBC}") = "PetClinic.Owners.Infrastructure", "backend\owners\PetClinic.Owners.Infrastructure\PetClinic.Owners.Infrastructure.csproj", "{87EDE8AA-36D9-43F6-8E90-18994987CD95}"
EndProject
Project("{FAE04EC0-301F-11D3-BF4B-00C04F79EFBC}") = "PetClinic.Pets.Api", "backend\pets\PetClinic.Pets.Api\PetClinic.Pets.Api.csproj", "{68218BB2-1737-48A0-BD1F-829D84B2A0BF}"
EndProject
Project("{2150E333-8FDC-42A3-9474-1A3956D46DE8}") = "pets", "pets", "{E1B87901-4989-4A08-896E-DC763D84F4B6}"
EndProject
Project("{FAE04EC0-301F-11D3-BF4B-00C04F79EFBC}") = "PetClinic.Pets.Application", "backend\pets\PetClinic.Pets.Application\PetClinic.Pets.Application.csproj", "{D0CE1F33-CB62-42D9-8E32-89057DF4F49B}"
EndProject
Project("{FAE04EC0-301F-11D3-BF4B-00C04F79EFBC}") = "PetClinic.Pets.Contracts", "backend\pets\PetClinic.Pets.Contracts\PetClinic.Pets.Contracts.csproj", "{676592EC-3B2B-4977-95D8-D42C39EFE90B}"
EndProject
Project("{FAE04EC0-301F-11D3-BF4B-00C04F79EFBC}") = "PetClinic.Pets.Domain", "backend\pets\PetClinic.Pets.Domain\PetClinic.Pets.Domain.csproj", "{452D8B0E-C972-4C6D-B3BD-DC5F4D9C7DB3}"
EndProject
Project("{FAE04EC0-301F-11D3-BF4B-00C04F79EFBC}") = "PetClinic.Pets.Infrastructure", "backend\pets\PetClinic.Pets.Infrastructure\PetClinic.Pets.Infrastructure.csproj", "{19502D59-CA03-47E7-90F2-48576D7E8839}"
EndProject
Project("{2150E333-8FDC-42A3-9474-1A3956D46DE8}") = "vets", "vets", "{D89EDAD4-8776-A861-EC80-EDEE286433F5}"
EndProject
Project("{FAE04EC0-301F-11D3-BF4B-00C04F79EFBC}") = "PetClinic.Vets.Api", "backend\vets\PetClinic.Vets.Api\PetClinic.Vets.Api.csproj", "{C2BCE2D1-21E0-4CE2-934D-ED0C7F864BA1}"
EndProject
Project("{FAE04EC0-301F-11D3-BF4B-00C04F79EFBC}") = "PetClinic.Vets.Application", "backend\vets\PetClinic.Vets.Application\PetClinic.Vets.Application.csproj", "{00F96419-D62C-4AD1-8D57-2220B99BC249}"
EndProject
Project("{FAE04EC0-301F-11D3-BF4B-00C04F79EFBC}") = "PetClinic.Vets.Contracts", "backend\vets\PetClinic.Vets.Contracts\PetClinic.Vets.Contracts.csproj", "{984507A1-5789-45E3-A081-55951E691101}"
EndProject
Project("{FAE04EC0-301F-11D3-BF4B-00C04F79EFBC}") = "PetClinic.Vets.Domain", "backend\vets\PetClinic.Vets.Domain\PetClinic.Vets.Domain.csproj", "{B4C1C285-19B7-4044-8BEA-3438DA258772}"
EndProject
Project("{FAE04EC0-301F-11D3-BF4B-00C04F79EFBC}") = "PetClinic.Vets.Infrastructure", "backend\vets\PetClinic.Vets.Infrastructure\PetClinic.Vets.Infrastructure.csproj", "{8AA9D5AE-B433-496B-B9A6-38390219FD54}"
EndProject
Project("{2150E333-8FDC-42A3-9474-1A3956D46DE8}") = "visits", "visits", "{A3175A46-CAA7-451B-A502-8BE65E6A0960}"
EndProject
Project("{FAE04EC0-301F-11D3-BF4B-00C04F79EFBC}") = "PetClinic.Visits.Api", "backend\visits\PetClinic.Visits.Api\PetClinic.Visits.Api.csproj", "{FBF144DD-C1B1-40AA-B61F-A627688A0595}"
EndProject
Project("{FAE04EC0-301F-11D3-BF4B-00C04F79EFBC}") = "PetClinic.Visits.Application", "backend\visits\PetClinic.Visits.Application\PetClinic.Visits.Application.csproj", "{CF310A21-FA3F-4D8A-B0CE-C3CB5AD6B32E}"
EndProject
Project("{FAE04EC0-301F-11D3-BF4B-00C04F79EFBC}") = "PetClinic.Visits.Contracts", "backend\visits\PetClinic.Visits.Contracts\PetClinic.Visits.Contracts.csproj", "{874C2601-2E00-433F-AF91-2246F10959A8}"
EndProject
Project("{FAE04EC0-301F-11D3-BF4B-00C04F79EFBC}") = "PetClinic.Visits.Domain", "backend\visits\PetClinic.Visits.Domain\PetClinic.Visits.Domain.csproj", "{0282475F-6A25-4BAC-A143-EFB964580207}"
EndProject
Project("{FAE04EC0-301F-11D3-BF4B-00C04F79EFBC}") = "PetClinic.Visits.Infrastructure", "backend\visits\PetClinic.Visits.Infrastructure\PetClinic.Visits.Infrastructure.csproj", "{D8733DBF-635B-4C00-91F0-40422E7D3FFC}"
EndProject
Project("{2150E333-8FDC-42A3-9474-1A3956D46DE8}") = "notifications", "notifications", "{75D2812D-0767-4B5E-80FB-04E6B7C35068}"
EndProject
Project("{FAE04EC0-301F-11D3-BF4B-00C04F79EFBC}") = "PetClinic.Notifications.Api", "backend\notifications\PetClinic.Notifications.Api\PetClinic.Notifications.Api.csproj", "{8FA9A12A-0608-4DDE-B7FA-87AF4F467B01}"
EndProject
Project("{FAE04EC0-301F-11D3-BF4B-00C04F79EFBC}") = "PetClinic.Notifications.Contracts", "backend\notifications\PetClinic.Notifications.Contracts\PetClinic.Notifications.Contracts.csproj", "{8358FA82-BC54-450B-9EB4-7BE07839290E}"
EndProject
Global
	GlobalSection(SolutionConfigurationPlatforms) = preSolution
		Debug|Any CPU = Debug|Any CPU
		Debug|x64 = Debug|x64
		Debug|x86 = Debug|x86
		Release|Any CPU = Release|Any CPU
		Release|x64 = Release|x64
		Release|x86 = Release|x86
	EndGlobalSection
	GlobalSection(ProjectConfigurationPlatforms) = postSolution
		{A1441D2E-2314-4633-99F9-DC4751643521}.Debug|Any CPU.ActiveCfg = Debug|Any CPU
		{A1441D2E-2314-4633-99F9-DC4751643521}.Debug|Any CPU.Build.0 = Debug|Any CPU
		{A1441D2E-2314-4633-99F9-DC4751643521}.Debug|x64.ActiveCfg = Debug|Any CPU
		{A1441D2E-2314-4633-99F9-DC4751643521}.Debug|x64.Build.0 = Debug|Any CPU
		{A1441D2E-2314-4633-99F9-DC4751643521}.Debug|x86.ActiveCfg = Debug|Any CPU
		{A1441D2E-2314-4633-99F9-DC4751643521}.Debug|x86.Build.0 = Debug|Any CPU
		{A1441D2E-2314-4633-99F9-DC4751643521}.Release|Any CPU.ActiveCfg = Release|Any CPU
		{A1441D2E-2314-4633-99F9-DC4751643521}.Release|Any CPU.Build.0 = Release|Any CPU
		{A1441D2E-2314-4633-99F9-DC4751643521}.Release|x64.ActiveCfg = Release|Any CPU
		{A1441D2E-2314-4633-99F9-DC4751643521}.Release|x64.Build.0 = Release|Any CPU
		{A1441D2E-2314-4633-99F9-DC4751643521}.Release|x86.ActiveCfg = Release|Any CPU
		{A1441D2E-2314-4633-99F9-DC4751643521}.Release|x86.Build.0 = Release|Any CPU
		{3FA95E6A-ED6E-4CD3-BC04-54AEA02A899D}.Debug|Any CPU.ActiveCfg = Debug|Any CPU
		{3FA95E6A-ED6E-4CD3-BC04-54AEA02A899D}.Debug|Any CPU.Build.0 = Debug|Any CPU
		{3FA95E6A-ED6E-4CD3-BC04-54AEA02A899D}.Debug|x64.ActiveCfg = Debug|Any CPU
		{3FA95E6A-ED6E-4CD3-BC04-54AEA02A899D}.Debug|x64.Build.0 = Debug|Any CPU
		{3FA95E6A-ED6E-4CD3-BC04-54AEA02A899D}.Debug|x86.ActiveCfg = Debug|Any CPU
		{3FA95E6A-ED6E-4CD3-BC04-54AEA02A899D}.Debug|x86.Build.0 = Debug|Any CPU
		{3FA95E6A-ED6E-4CD3-BC04-54AEA02A899D}.Release|Any CPU.ActiveCfg = Release|Any CPU
		{3FA95E6A-ED6E-4CD3-BC04-54AEA02A899D}.Release|Any CPU.Build.0 = Release|Any CPU
		{3FA95E6A-ED6E-4CD3-BC04-54AEA02A899D}.Release|x64.ActiveCfg = Release|Any CPU
		{3FA95E6A-ED6E-4CD3-BC04-54AEA02A899D}.Release|x64.Build.0 = Release|Any CPU
		{3FA95E6A-ED6E-4CD3-BC04-54AEA02A899D}.Release|x86.ActiveCfg = Release|Any CPU
		{3FA95E6A-ED6E-4CD3-BC04-54AEA02A899D}.Release|x86.Build.0 = Release|Any CPU
		{469C2B34-597C-4DFD-BD0C-FFE2D7F1A9E5}.Debug|Any CPU.ActiveCfg = Debug|Any CPU
		{469C2B34-597C-4DFD-BD0C-FFE2D7F1A9E5}.Debug|Any CPU.Build.0 = Debug|Any CPU
		{469C2B34-597C-4DFD-BD0C-FFE2D7F1A9E5}.Debug|x64.ActiveCfg = Debug|Any CPU
		{469C2B34-597C-4DFD-BD0C-FFE2D7F1A9E5}.Debug|x64.Build.0 = Debug|Any CPU
		{469C2B34-597C-4DFD-BD0C-FFE2D7F1A9E5}.Debug|x86.ActiveCfg = Debug|Any CPU
		{469C2B34-597C-4DFD-BD0C-FFE2D7F1A9E5}.Debug|x86.Build.0 = Debug|Any CPU
		{469C2B34-597C-4DFD-BD0C-FFE2D7F1A9E5}.Release|Any CPU.ActiveCfg = Release|Any CPU
		{469C2B34-597C-4DFD-BD0C-FFE2D7F1A9E5}.Release|Any CPU.Build.0 = Release|Any CPU
		{469C2B34-597C-4DFD-BD0C-FFE2D7F1A9E5}.Release|x64.ActiveCfg = Release|Any CPU
		{469C2B34-597C-4DFD-BD0C-FFE2D7F1A9E5}.Release|x64.Build.0 = Release|Any CPU
		{469C2B34-597C-4DFD-BD0C-FFE2D7F1A9E5}.Release|x86.ActiveCfg = Release|Any CPU
		{469C2B34-597C-4DFD-BD0C-FFE2D7F1A9E5}.Release|x86.Build.0 = Release|Any CPU
		{DCE75D66-C950-4B21-AC84-D5A1C4B2E3AC}.Debug|Any CPU.ActiveCfg = Debug|Any CPU
		{DCE75D66-C950-4B21-AC84-D5A1C4B2E3AC}.Debug|Any CPU.Build.0 = Debug|Any CPU
		{DCE75D66-C950-4B21-AC84-D5A1C4B2E3AC}.Debug|x64.ActiveCfg = Debug|Any CPU
		{DCE75D66-C950-4B21-AC84-D5A1C4B2E3AC}.Debug|x64.Build.0 = Debug|Any CPU
		{DCE75D66-C950-4B21-AC84-D5A1C4B2E3AC}.Debug|x86.ActiveCfg = Debug|Any CPU
		{DCE75D66-C950-4B21-AC84-D5A1C4B2E3AC}.Debug|x86.Build.0 = Debug|Any CPU
		{DCE75D66-C950-4B21-AC84-D5A1C4B2E3AC}.Release|Any CPU.ActiveCfg = Release|Any CPU
		{DCE75D66-C950-4B21-AC84-D5A1C4B2E3AC}.Release|Any CPU.Build.0 = Release|Any CPU
		{DCE75D66-C950-4B21-AC84-D5A1C4B2E3AC}.Release|x64.ActiveCfg = Release|Any CPU
		{DCE75D66-C950-4B21-AC84-D5A1C4B2E3AC}.Release|x64.Build.0 = Release|Any CPU
		{DCE75D66-C950-4B21-AC84-D5A1C4B2E3AC}.Release|x86.ActiveCfg = Release|Any CPU
		{DCE75D66-C950-4B21-AC84-D5A1C4B2E3AC}.Release|x86.Build.0 = Release|Any CPU
		{87EDE8AA-36D9-43F6-8E90-18994987CD95}.Debug|Any CPU.ActiveCfg = Debug|Any CPU
		{87EDE8AA-36D9-43F6-8E90-18994987CD95}.Debug|Any CPU.Build.0 = Debug|Any CPU
		{87EDE8AA-36D9-43F6-8E90-18994987CD95}.Debug|x64.ActiveCfg = Debug|Any CPU
		{87EDE8AA-36D9-43F6-8E90-18994987CD95}.Debug|x64.Build.0 = Debug|Any CPU
		{87EDE8AA-36D9-43F6-8E90-18994987CD95}.Debug|x86.ActiveCfg = Debug|Any CPU
		{87EDE8AA-36D9-43F6-8E90-18994987CD95}.Debug|x86.Build.0 = Debug|Any CPU
		{87EDE8AA-36D9-43F6-8E90-18994987CD95}.Release|Any CPU.ActiveCfg = Release|Any CPU
		{87EDE8AA-36D9-43F6-8E90-18994987CD95}.Release|Any CPU.Build.0 = Release|Any CPU
		{87EDE8AA-36D9-43F6-8E90-18994987CD95}.Release|x64.ActiveCfg = Release|Any CPU
		{87EDE8AA-36D9-43F6-8E90-18994987CD95}.Release|x64.Build.0 = Release|Any CPU
		{87EDE8AA-36D9-43F6-8E90-18994987CD95}.Release|x86.ActiveCfg = Release|Any CPU
		{87EDE8AA-36D9-43F6-8E90-18994987CD95}.Release|x86.Build.0 = Release|Any CPU
		{68218BB2-1737-48A0-BD1F-829D84B2A0BF}.Debug|Any CPU.ActiveCfg = Debug|Any CPU
		{68218BB2-1737-48A0-BD1F-829D84B2A0BF}.Debug|Any CPU.Build.0 = Debug|Any CPU
		{68218BB2-1737-48A0-BD1F-829D84B2A0BF}.Debug|x64.ActiveCfg = Debug|Any CPU
		{68218BB2-1737-48A0-BD1F-829D84B2A0BF}.Debug|x64.Build.0 = Debug|Any CPU
		{68218BB2-1737-48A0-BD1F-829D84B2A0BF}.Debug|x86.ActiveCfg = Debug|Any CPU
		{68218BB2-1737-48A0-BD1F-829D84B2A0BF}.Debug|x86.Build.0 = Debug|Any CPU
		{68218BB2-1737-48A0-BD1F-829D84B2A0BF}.Release|Any CPU.ActiveCfg = Release|Any CPU
		{68218BB2-1737-48A0-BD1F-829D84B2A0BF}.Release|Any CPU.Build.0 = Release|Any CPU
		{68218BB2-1737-48A0-BD1F-829D84B2A0BF}.Release|x64.ActiveCfg = Release|Any CPU
		{68218BB2-1737-48A0-BD1F-829D84B2A0BF}.Release|x64.Build.0 = Release|Any CPU
		{68218BB2-1737-48A0-BD1F-829D84B2A0BF}.Release|x86.ActiveCfg = Release|Any CPU
		{68218BB2-1737-48A0-BD1F-829D84B2A0BF}.Release|x86.Build.0 = Release|Any CPU
		{D0CE1F33-CB62-42D9-8E32-89057DF4F49B}.Debug|Any CPU.ActiveCfg = Debug|Any CPU
		{D0CE1F33-CB62-42D9-8E32-89057DF4F49B}.Debug|Any CPU.Build.0 = Debug|Any CPU
		{D0CE1F33-CB62-42D9-8E32-89057DF4F49B}.Debug|x64.ActiveCfg = Debug|Any CPU
		{D0CE1F33-CB62-42D9-8E32-89057DF4F49B}.Debug|x64.Build.0 = Debug|Any CPU
		{D0CE1F33-CB62-42D9-8E32-89057DF4F49B}.Debug|x86.ActiveCfg = Debug|Any CPU
		{D0CE1F33-CB62-42D9-8E32-89057DF4F49B}.Debug|x86.Build.0 = Debug|Any CPU
		{D0CE1F33-CB62-42D9-8E32-89057DF4F49B}.Release|Any CPU.ActiveCfg = Release|Any CPU
		{D0CE1F33-CB62-42D9-8E32-89057DF4F49B}.Release|Any CPU.Build.0 = Release|Any CPU
		{D0CE1F33-CB62-42D9-8E32-89057DF4F49B}.Release|x64.ActiveCfg = Release|Any CPU
		{D0CE1F33-CB62-42D9-8E32-89057DF4F49B}.Release|x64.Build.0 = Release|Any CPU
		{D0CE1F33-CB62-42D9-8E32-89057DF4F49B}.Release|x86.ActiveCfg = Release|Any CPU
		{D0CE1F33-CB62-42D9-8E32-89057DF4F49B}.Release|x86.Build.0 = Release|Any CPU
		{676592EC-3B2B-4977-95D8-D42C39EFE90B}.Debug|Any CPU.ActiveCfg = Debug|Any CPU
		{676592EC-3B2B-4977-95D8-D42C39EFE90B}.Debug|Any CPU.Build.0 = Debug|Any CPU
		{676592EC-3B2B-4977-95D8-D42C39EFE90B}.Debug|x64.ActiveCfg = Debug|Any CPU
		{676592EC-3B2B-4977-95D8-D42C39EFE90B}.Debug|x64.Build.0 = Debug|Any CPU
		{676592EC-3B2B-4977-95D8-D42C39EFE90B}.Debug|x86.ActiveCfg = Debug|Any CPU
		{676592EC-3B2B-4977-95D8-D42C39EFE90B}.Debug|x86.Build.0 = Debug|Any CPU
		{676592EC-3B2B-4977-95D8-D42C39EFE90B}.Release|Any CPU.ActiveCfg = Release|Any CPU
		{676592EC-3B2B-4977-95D8-D42C39EFE90B}.Release|Any CPU.Build.0 = Release|Any CPU
		{676592EC-3B2B-4977-95D8-D42C39EFE90B}.Release|x64.ActiveCfg = Release|Any CPU
		{676592EC-3B2B-4977-95D8-D42C39EFE90B}.Release|x64.Build.0 = Release|Any CPU
		{676592EC-3B2B-4977-95D8-D42C39EFE90B}.Release|x86.ActiveCfg = Release|Any CPU
		{676592EC-3B2B-4977-95D8-D42C39EFE90B}.Release|x86.Build.0 = Release|Any CPU
		{452D8B0E-C972-4C6D-B3BD-DC5F4D9C7DB3}.Debug|Any CPU.ActiveCfg = Debug|Any CPU
		{452D8B0E-C972-4C6D-B3BD-DC5F4D9C7DB3}.Debug|Any CPU.Build.0 = Debug|Any CPU
		{452D8B0E-C972-4C6D-B3BD-DC5F4D9C7DB3}.Debug|x64.ActiveCfg = Debug|Any CPU
		{452D8B0E-C972-4C6D-B3BD-DC5F4D9C7DB3}.Debug|x64.Build.0 = Debug|Any CPU
		{452D8B0E-C972-4C6D-B3BD-DC5F4D9C7DB3}.Debug|x86.ActiveCfg = Debug|Any CPU
		{452D8B0E-C972-4C6D-B3BD-DC5F4D9C7DB3}.Debug|x86.Build.0 = Debug|Any CPU
		{452D8B0E-C972-4C6D-B3BD-DC5F4D9C7DB3}.Release|Any CPU.ActiveCfg = Release|Any CPU
		{452D8B0E-C972-4C6D-B3BD-DC5F4D9C7DB3}.Release|Any CPU.Build.0 = Release|Any CPU
		{452D8B0E-C972-4C6D-B3BD-DC5F4D9C7DB3}.Release|x64.ActiveCfg = Release|Any CPU
		{452D8B0E-C972-4C6D-B3BD-DC5F4D9C7DB3}.Release|x64.Build.0 = Release|Any CPU
		{452D8B0E-C972-4C6D-B3BD-DC5F4D9C7DB3}.Release|x86.ActiveCfg = Release|Any CPU
		{452D8B0E-C972-4C6D-B3BD-DC5F4D9C7DB3}.Release|x86.Build.0 = Release|Any CPU
		{19502D59-CA03-47E7-90F2-48576D7E8839}.Debug|Any CPU.ActiveCfg = Debug|Any CPU
		{19502D59-CA03-47E7-90F2-48576D7E8839}.Debug|Any CPU.Build.0 = Debug|Any CPU
		{19502D59-CA03-47E7-90F2-48576D7E8839}.Debug|x64.ActiveCfg = Debug|Any CPU
		{19502D59-CA03-47E7-90F2-48576D7E8839}.Debug|x64.Build.0 = Debug|Any CPU
		{19502D59-CA03-47E7-90F2-48576D7E8839}.Debug|x86.ActiveCfg = Debug|Any CPU
		{19502D59-CA03-47E7-90F2-48576D7E8839}.Debug|x86.Build.0 = Debug|Any CPU
		{19502D59-CA03-47E7-90F2-48576D7E8839}.Release|Any CPU.ActiveCfg = Release|Any CPU
		{19502D59-CA03-47E7-90F2-48576D7E8839}.Release|Any CPU.Build.0 = Release|Any CPU
		{19502D59-CA03-47E7-90F2-48576D7E8839}.Release|x64.ActiveCfg = Release|Any CPU
		{19502D59-CA03-47E7-90F2-48576D7E8839}.Release|x64.Build.0 = Release|Any CPU
		{19502D59-CA03-47E7-90F2-48576D7E8839}.Release|x86.ActiveCfg = Release|Any CPU
		{19502D59-CA03-47E7-90F2-48576D7E8839}.Release|x86.Build.0 = Release|Any CPU
		{C2BCE2D1-21E0-4CE2-934D-ED0C7F864BA1}.Debug|Any CPU.ActiveCfg = Debug|Any CPU
		{C2BCE2D1-21E0-4CE2-934D-ED0C7F864BA1}.Debug|Any CPU.Build.0 = Debug|Any CPU
		{C2BCE2D1-21E0-4CE2-934D-ED0C7F864BA1}.Debug|x64.ActiveCfg = Debug|Any CPU
		{C2BCE2D1-21E0-4CE2-934D-ED0C7F864BA1}.Debug|x64.Build.0 = Debug|Any CPU
		{C2BCE2D1-21E0-4CE2-934D-ED0C7F864BA1}.Debug|x86.ActiveCfg = Debug|Any CPU
		{C2BCE2D1-21E0-4CE2-934D-ED0C7F864BA1}.Debug|x86.Build.0 = Debug|Any CPU
		{C2BCE2D1-21E0-4CE2-934D-ED0C7F864BA1}.Release|Any CPU.ActiveCfg = Release|Any CPU
		{C2BCE2D1-21E0-4CE2-934D-ED0C7F864BA1}.Release|Any CPU.Build.0 = Release|Any CPU
		{C2BCE2D1-21E0-4CE2-934D-ED0C7F864BA1}.Release|x64.ActiveCfg = Release|Any CPU
		{C2BCE2D1-21E0-4CE2-934D-ED0C7F864BA1}.Release|x64.Build.0 = Release|Any CPU
		{C2BCE2D1-21E0-4CE2-934D-ED0C7F864BA1}.Release|x86.ActiveCfg = Release|Any CPU
		{C2BCE2D1-21E0-4CE2-934D-ED0C7F864BA1}.Release|x86.Build.0 = Release|Any CPU
		{00F96419-D62C-4AD1-8D57-2220B99BC249}.Debug|Any CPU.ActiveCfg = Debug|Any CPU
		{00F96419-D62C-4AD1-8D57-2220B99BC249}.Debug|Any CPU.Build.0 = Debug|Any CPU
		{00F96419-D62C-4AD1-8D57-2220B99BC249}.Debug|x64.ActiveCfg = Debug|Any CPU
		{00F96419-D62C-4AD1-8D57-2220B99BC249}.Debug|x64.Build.0 = Debug|Any CPU
		{00F96419-D62C-4AD1-8D57-2220B99BC249}.Debug|x86.ActiveCfg = Debug|Any CPU
		{00F96419-D62C-4AD1-8D57-2220B99BC249}.Debug|x86.Build.0 = Debug|Any CPU
		{00F96419-D62C-4AD1-8D57-2220B99BC249}.Release|Any CPU.ActiveCfg = Release|Any CPU
		{00F96419-D62C-4AD1-8D57-2220B99BC249}.Release|Any CPU.Build.0 = Release|Any CPU
		{00F96419-D62C-4AD1-8D57-2220B99BC249}.Release|x64.ActiveCfg = Release|Any CPU
		{00F96419-D62C-4AD1-8D57-2220B99BC249}.Release|x64.Build.0 = Release|Any CPU
		{00F96419-D62C-4AD1-8D57-2220B99BC249}.Release|x86.ActiveCfg = Release|Any CPU
		{00F96419-D62C-4AD1-8D57-2220B99BC249}.Release|x86.Build.0 = Release|Any CPU
		{984507A1-5789-45E3-A081-55951E691101}.Debug|Any CPU.ActiveCfg = Debug|Any CPU
		{984507A1-5789-45E3-A081-55951E691101}.Debug|Any CPU.Build.0 = Debug|Any CPU
		{984507A1-5789-45E3-A081-55951E691101}.Debug|x64.ActiveCfg = Debug|Any CPU
		{984507A1-5789-45E3-A081-55951E691101}.Debug|x64.Build.0 = Debug|Any CPU
		{984507A1-5789-45E3-A081-55951E691101}.Debug|x86.ActiveCfg = Debug|Any CPU
		{984507A1-5789-45E3-A081-55951E691101}.Debug|x86.Build.0 = Debug|Any CPU
		{984507A1-5789-45E3-A081-55951E691101}.Release|Any CPU.ActiveCfg = Release|Any CPU
		{984507A1-5789-45E3-A081-55951E691101}.Release|Any CPU.Build.0 = Release|Any CPU
		{984507A1-5789-45E3-A081-55951E691101}.Release|x64.ActiveCfg = Release|Any CPU
		{984507A1-5789-45E3-A081-55951E691101}.Release|x64.Build.0 = Release|Any CPU
		{984507A1-5789-45E3-A081-55951E691101}.Release|x86.ActiveCfg = Release|Any CPU
		{984507A1-5789-45E3-A081-55951E691101}.Release|x86.Build.0 = Release|Any CPU
		{B4C1C285-19B7-4044-8BEA-3438DA258772}.Debug|Any CPU.ActiveCfg = Debug|Any CPU
		{B4C1C285-19B7-4044-8BEA-3438DA258772}.Debug|Any CPU.Build.0 = Debug|Any CPU
		{B4C1C285-19B7-4044-8BEA-3438DA258772}.Debug|x64.ActiveCfg = Debug|Any CPU
		{B4C1C285-19B7-4044-8BEA-3438DA258772}.Debug|x64.Build.0 = Debug|Any CPU
		{B4C1C285-19B7-4044-8BEA-3438DA258772}.Debug|x86.ActiveCfg = Debug|Any CPU
		{B4C1C285-19B7-4044-8BEA-3438DA258772}.Debug|x86.Build.0 = Debug|Any CPU
		{B4C1C285-19B7-4044-8BEA-3438DA258772}.Release|Any CPU.ActiveCfg = Release|Any CPU
		{B4C1C285-19B7-4044-8BEA-3438DA258772}.Release|Any CPU.Build.0 = Release|Any CPU
		{B4C1C285-19B7-4044-8BEA-3438DA258772}.Release|x64.ActiveCfg = Release|Any CPU
		{B4C1C285-19B7-4044-8BEA-3438DA258772}.Release|x64.Build.0 = Release|Any CPU
		{B4C1C285-19B7-4044-8BEA-3438DA258772}.Release|x86.ActiveCfg = Release|Any CPU
		{B4C1C285-19B7-4044-8BEA-3438DA258772}.Release|x86.Build.0 = Release|Any CPU
		{8AA9D5AE-B433-496B-B9A6-38390219FD54}.Debug|Any CPU.ActiveCfg = Debug|Any CPU
		{8AA9D5AE-B433-496B-B9A6-38390219FD54}.Debug|Any CPU.Build.0 = Debug|Any CPU
		{8AA9D5AE-B433-496B-B9A6-38390219FD54}.Debug|x64.ActiveCfg = Debug|Any CPU
		{8AA9D5AE-B433-496B-B9A6-38390219FD54}.Debug|x64.Build.0 = Debug|Any CPU
		{8AA9D5AE-B433-496B-B9A6-38390219FD54}.Debug|x86.ActiveCfg = Debug|Any CPU
		{8AA9D5AE-B433-496B-B9A6-38390219FD54}.Debug|x86.Build.0 = Debug|Any CPU
		{8AA9D5AE-B433-496B-B9A6-38390219FD54}.Release|Any CPU.ActiveCfg = Release|Any CPU
		{8AA9D5AE-B433-496B-B9A6-38390219FD54}.Release|Any CPU.Build.0 = Release|Any CPU
		{8AA9D5AE-B433-496B-B9A6-38390219FD54}.Release|x64.ActiveCfg = Release|Any CPU
		{8AA9D5AE-B433-496B-B9A6-38390219FD54}.Release|x64.Build.0 = Release|Any CPU
		{8AA9D5AE-B433-496B-B9A6-38390219FD54}.Release|x86.ActiveCfg = Release|Any CPU
		{8AA9D5AE-B433-496B-B9A6-38390219FD54}.Release|x86.Build.0 = Release|Any CPU
		{FBF144DD-C1B1-40AA-B61F-A627688A0595}.Debug|Any CPU.ActiveCfg = Debug|Any CPU
		{FBF144DD-C1B1-40AA-B61F-A627688A0595}.Debug|Any CPU.Build.0 = Debug|Any CPU
		{FBF144DD-C1B1-40AA-B61F-A627688A0595}.Debug|x64.ActiveCfg = Debug|Any CPU
		{FBF144DD-C1B1-40AA-B61F-A627688A0595}.Debug|x64.Build.0 = Debug|Any CPU
		{FBF144DD-C1B1-40AA-B61F-A627688A0595}.Debug|x86.ActiveCfg = Debug|Any CPU
		{FBF144DD-C1B1-40AA-B61F-A627688A0595}.Debug|x86.Build.0 = Debug|Any CPU
		{FBF144DD-C1B1-40AA-B61F-A627688A0595}.Release|Any CPU.ActiveCfg = Release|Any CPU
		{FBF144DD-C1B1-40AA-B61F-A627688A0595}.Release|Any CPU.Build.0 = Release|Any CPU
		{FBF144DD-C1B1-40AA-B61F-A627688A0595}.Release|x64.ActiveCfg = Release|Any CPU
		{FBF144DD-C1B1-40AA-B61F-A627688A0595}.Release|x64.Build.0 = Release|Any CPU
		{FBF144DD-C1B1-40AA-B61F-A627688A0595}.Release|x86.ActiveCfg = Release|Any CPU
		{FBF144DD-C1B1-40AA-B61F-A627688A0595}.Release|x86.Build.0 = Release|Any CPU
		{CF310A21-FA3F-4D8A-B0CE-C3CB5AD6B32E}.Debug|Any CPU.ActiveCfg = Debug|Any CPU
		{CF310A21-FA3F-4D8A-B0CE-C3CB5AD6B32E}.Debug|Any CPU.Build.0 = Debug|Any CPU
		{CF310A21-FA3F-4D8A-B0CE-C3CB5AD6B32E}.Debug|x64.ActiveCfg = Debug|Any CPU
		{CF310A21-FA3F-4D8A-B0CE-C3CB5AD6B32E}.Debug|x64.Build.0 = Debug|Any CPU
		{CF310A21-FA3F-4D8A-B0CE-C3CB5AD6B32E}.Debug|x86.ActiveCfg = Debug|Any CPU
		{CF310A21-FA3F-4D8A-B0CE-C3CB5AD6B32E}.Debug|x86.Build.0 = Debug|Any CPU
		{CF310A21-FA3F-4D8A-B0CE-C3CB5AD6B32E}.Release|Any CPU.ActiveCfg = Release|Any CPU
		{CF310A21-FA3F-4D8A-B0CE-C3CB5AD6B32E}.Release|Any CPU.Build.0 = Release|Any CPU
		{CF310A21-FA3F-4D8A-B0CE-C3CB5AD6B32E}.Release|x64.ActiveCfg = Release|Any CPU
		{CF310A21-FA3F-4D8A-B0CE-C3CB5AD6B32E}.Release|x64.Build.0 = Release|Any CPU
		{CF310A21-FA3F-4D8A-B0CE-C3CB5AD6B32E}.Release|x86.ActiveCfg = Release|Any CPU
		{CF310A21-FA3F-4D8A-B0CE-C3CB5AD6B32E}.Release|x86.Build.0 = Release|Any CPU
		{874C2601-2E00-433F-AF91-2246F10959A8}.Debug|Any CPU.ActiveCfg = Debug|Any CPU
		{874C2601-2E00-433F-AF91-2246F10959A8}.Debug|Any CPU.Build.0 = Debug|Any CPU
		{874C2601-2E00-433F-AF91-2246F10959A8}.Debug|x64.ActiveCfg = Debug|Any CPU
		{874C2601-2E00-433F-AF91-2246F10959A8}.Debug|x64.Build.0 = Debug|Any CPU
		{874C2601-2E00-433F-AF91-2246F10959A8}.Debug|x86.ActiveCfg = Debug|Any CPU
		{874C2601-2E00-433F-AF91-2246F10959A8}.Debug|x86.Build.0 = Debug|Any CPU
		{874C2601-2E00-433F-AF91-2246F10959A8}.Release|Any CPU.ActiveCfg = Release|Any CPU
		{874C2601-2E00-433F-AF91-2246F10959A8}.Release|Any CPU.Build.0 = Release|Any CPU
		{874C2601-2E00-433F-AF91-2246F10959A8}.Release|x64.ActiveCfg = Release|Any CPU
		{874C2601-2E00-433F-AF91-2246F10959A8}.Release|x64.Build.0 = Release|Any CPU
		{874C2601-2E00-433F-AF91-2246F10959A8}.Release|x86.ActiveCfg = Release|Any CPU
		{874C2601-2E00-433F-AF91-2246F10959A8}.Release|x86.Build.0 = Release|Any CPU
		{0282475F-6A25-4BAC-A143-EFB964580207}.Debug|Any CPU.ActiveCfg = Debug|Any CPU
		{0282475F-6A25-4BAC-A143-EFB964580207}.Debug|Any CPU.Build.0 = Debug|Any CPU
		{0282475F-6A25-4BAC-A143-EFB964580207}.Debug|x64.ActiveCfg = Debug|Any CPU
		{0282475F-6A25-4BAC-A143-EFB964580207}.Debug|x64.Build.0 = Debug|Any CPU
		{0282475F-6A25-4BAC-A143-EFB964580207}.Debug|x86.ActiveCfg = Debug|Any CPU
		{0282475F-6A25-4BAC-A143-EFB964580207}.Debug|x86.Build.0 = Debug|Any CPU
		{0282475F-6A25-4BAC-A143-EFB964580207}.Release|Any CPU.ActiveCfg = Release|Any CPU
		{0282475F-6A25-4BAC-A143-EFB964580207}.Release|Any CPU.Build.0 = Release|Any CPU
		{0282475F-6A25-4BAC-A143-EFB964580207}.Release|x64.ActiveCfg = Release|Any CPU
		{0282475F-6A25-4BAC-A143-EFB964580207}.Release|x64.Build.0 = Release|Any CPU
		{0282475F-6A25-4BAC-A143-EFB964580207}.Release|x86.ActiveCfg = Release|Any CPU
		{0282475F-6A25-4BAC-A143-EFB964580207}.Release|x86.Build.0 = Release|Any CPU
		{D8733DBF-635B-4C00-91F0-40422E7D3FFC}.Debug|Any CPU.ActiveCfg = Debug|Any CPU
		{D8733DBF-635B-4C00-91F0-40422E7D3FFC}.Debug|Any CPU.Build.0 = Debug|Any CPU
		{D8733DBF-635B-4C00-91F0-40422E7D3FFC}.Debug|x64.ActiveCfg = Debug|Any CPU
		{D8733DBF-635B-4C00-91F0-40422E7D3FFC}.Debug|x64.Build.0 = Debug|Any CPU
		{D8733DBF-635B-4C00-91F0-40422E7D3FFC}.Debug|x86.ActiveCfg = Debug|Any CPU
		{D8733DBF-635B-4C00-91F0-40422E7D3FFC}.Debug|x86.Build.0 = Debug|Any CPU
		{D8733DBF-635B-4C00-91F0-40422E7D3FFC}.Release|Any CPU.ActiveCfg = Release|Any CPU
		{D8733DBF-635B-4C00-91F0-40422E7D3FFC}.Release|Any CPU.Build.0 = Release|Any CPU
		{D8733DBF-635B-4C00-91F0-40422E7D3FFC}.Release|x64.ActiveCfg = Release|Any CPU
		{D8733DBF-635B-4C00-91F0-40422E7D3FFC}.Release|x64.Build.0 = Release|Any CPU
		{D8733DBF-635B-4C00-91F0-40422E7D3FFC}.Release|x86.ActiveCfg = Release|Any CPU
		{D8733DBF-635B-4C00-91F0-40422E7D3FFC}.Release|x86.Build.0 = Release|Any CPU
		{8FA9A12A-0608-4DDE-B7FA-87AF4F467B01}.Debug|Any CPU.ActiveCfg = Debug|Any CPU
		{8FA9A12A-0608-4DDE-B7FA-87AF4F467B01}.Debug|Any CPU.Build.0 = Debug|Any CPU
		{8FA9A12A-0608-4DDE-B7FA-87AF4F467B01}.Debug|x64.ActiveCfg = Debug|Any CPU
		{8FA9A12A-0608-4DDE-B7FA-87AF4F467B01}.Debug|x64.Build.0 = Debug|Any CPU
		{8FA9A12A-0608-4DDE-B7FA-87AF4F467B01}.Debug|x86.ActiveCfg = Debug|Any CPU
		{8FA9A12A-0608-4DDE-B7FA-87AF4F467B01}.Debug|x86.Build.0 = Debug|Any CPU
		{8FA9A12A-0608-4DDE-B7FA-87AF4F467B01}.Release|Any CPU.ActiveCfg = Release|Any CPU
		{8FA9A12A-0608-4DDE-B7FA-87AF4F467B01}.Release|Any CPU.Build.0 = Release|Any CPU
		{8FA9A12A-0608-4DDE-B7FA-87AF4F467B01}.Release|x64.ActiveCfg = Release|Any CPU
		{8FA9A12A-0608-4DDE-B7FA-87AF4F467B01}.Release|x64.Build.0 = Release|Any CPU
		{8FA9A12A-0608-4DDE-B7FA-87AF4F467B01}.Release|x86.ActiveCfg = Release|Any CPU
		{8FA9A12A-0608-4DDE-B7FA-87AF4F467B01}.Release|x86.Build.0 = Release|Any CPU
		{8358FA82-BC54-450B-9EB4-7BE07839290E}.Debug|Any CPU.ActiveCfg = Debug|Any CPU
		{8358FA82-BC54-450B-9EB4-7BE07839290E}.Debug|Any CPU.Build.0 = Debug|Any CPU
		{8358FA82-BC54-450B-9EB4-7BE07839290E}.Debug|x64.ActiveCfg = Debug|Any CPU
		{8358FA82-BC54-450B-9EB4-7BE07839290E}.Debug|x64.Build.0 = Debug|Any CPU
		{8358FA82-BC54-450B-9EB4-7BE07839290E}.Debug|x86.ActiveCfg = Debug|Any CPU
		{8358FA82-BC54-450B-9EB4-7BE07839290E}.Debug|x86.Build.0 = Debug|Any CPU
		{8358FA82-BC54-450B-9EB4-7BE07839290E}.Release|Any CPU.ActiveCfg = Release|Any CPU
		{8358FA82-BC54-450B-9EB4-7BE07839290E}.Release|Any CPU.Build.0 = Release|Any CPU
		{8358FA82-BC54-450B-9EB4-7BE07839290E}.Release|x64.ActiveCfg = Release|Any CPU
		{8358FA82-BC54-450B-9EB4-7BE07839290E}.Release|x64.Build.0 = Release|Any CPU
		{8358FA82-BC54-450B-9EB4-7BE07839290E}.Release|x86.ActiveCfg = Release|Any CPU
		{8358FA82-BC54-450B-9EB4-7BE07839290E}.Release|x86.Build.0 = Release|Any CPU
	EndGlobalSection
	GlobalSection(SolutionProperties) = preSolution
		HideSolutionNode = FALSE
	EndGlobalSection
	GlobalSection(NestedProjects) = preSolution
		{22D8967A-3DB2-E9B0-A8E1-993F011C7EDF} = {5854FF58-B8C5-05C6-5BF2-ACE42193F22B}
		{A1441D2E-2314-4633-99F9-DC4751643521} = {22D8967A-3DB2-E9B0-A8E1-993F011C7EDF}
		{3FA95E6A-ED6E-4CD3-BC04-54AEA02A899D} = {22D8967A-3DB2-E9B0-A8E1-993F011C7EDF}
		{469C2B34-597C-4DFD-BD0C-FFE2D7F1A9E5} = {22D8967A-3DB2-E9B0-A8E1-993F011C7EDF}
		{DCE75D66-C950-4B21-AC84-D5A1C4B2E3AC} = {22D8967A-3DB2-E9B0-A8E1-993F011C7EDF}
		{87EDE8AA-36D9-43F6-8E90-18994987CD95} = {22D8967A-3DB2-E9B0-A8E1-993F011C7EDF}
		{68218BB2-1737-48A0-BD1F-829D84B2A0BF} = {E1B87901-4989-4A08-896E-DC763D84F4B6}
		{E1B87901-4989-4A08-896E-DC763D84F4B6} = {5854FF58-B8C5-05C6-5BF2-ACE42193F22B}
		{D0CE1F33-CB62-42D9-8E32-89057DF4F49B} = {E1B87901-4989-4A08-896E-DC763D84F4B6}
		{676592EC-3B2B-4977-95D8-D42C39EFE90B} = {E1B87901-4989-4A08-896E-DC763D84F4B6}
		{452D8B0E-C972-4C6D-B3BD-DC5F4D9C7DB3} = {E1B87901-4989-4A08-896E-DC763D84F4B6}
		{19502D59-CA03-47E7-90F2-48576D7E8839} = {E1B87901-4989-4A08-896E-DC763D84F4B6}
		{D89EDAD4-8776-A861-EC80-EDEE286433F5} = {5854FF58-B8C5-05C6-5BF2-ACE42193F22B}
		{C2BCE2D1-21E0-4CE2-934D-ED0C7F864BA1} = {D89EDAD4-8776-A861-EC80-EDEE286433F5}
		{00F96419-D62C-4AD1-8D57-2220B99BC249} = {D89EDAD4-8776-A861-EC80-EDEE286433F5}
		{984507A1-5789-45E3-A081-55951E691101} = {D89EDAD4-8776-A861-EC80-EDEE286433F5}
		{B4C1C285-19B7-4044-8BEA-3438DA258772} = {D89EDAD4-8776-A861-EC80-EDEE286433F5}
		{8AA9D5AE-B433-496B-B9A6-38390219FD54} = {D89EDAD4-8776-A861-EC80-EDEE286433F5}
		{A3175A46-CAA7-451B-A502-8BE65E6A0960} = {5854FF58-B8C5-05C6-5BF2-ACE42193F22B}
		{FBF144DD-C1B1-40AA-B61F-A627688A0595} = {A3175A46-CAA7-451B-A502-8BE65E6A0960}
		{CF310A21-FA3F-4D8A-B0CE-C3CB5AD6B32E} = {A3175A46-CAA7-451B-A502-8BE65E6A0960}
		{874C2601-2E00-433F-AF91-2246F10959A8} = {A3175A46-CAA7-451B-A502-8BE65E6A0960}
		{0282475F-6A25-4BAC-A143-EFB964580207} = {A3175A46-CAA7-451B-A502-8BE65E6A0960}
		{D8733DBF-635B-4C00-91F0-40422E7D3FFC} = {A3175A46-CAA7-451B-A502-8BE65E6A0960}
		{75D2812D-0767-4B5E-80FB-04E6B7C35068} = {5854FF58-B8C5-05C6-5BF2-ACE42193F22B}
		{8FA9A12A-0608-4DDE-B7FA-87AF4F467B01} = {75D2812D-0767-4B5E-80FB-04E6B7C35068}
		{8358FA82-BC54-450B-9EB4-7BE07839290E} = {75D2812D-0767-4B5E-80FB-04E6B7C35068}
	EndGlobalSection
EndGlobal
